github.com/maloquacious/dem2hm v1.1.0 h1:1cuXnLZnN32c31r9h3m9qlxGQgQ7UjOlBCmEYDSIQ3M=
github.com/maloquacious/dem2hm v1.1.0/go.mod h1:wxZVDKOK+AJZXnSEqQCFURBL8OVrGfrajN/VIrqxdkY=
github.com/maloquacious/hexg v1.3.0 h1:+CYdRF/+2bu6Y+NGjdR8TD+4YiWcCiNiLFJTdAtQlVw=
github.com/maloquacious/hexg v1.3.0/go.mod h1:Un6Fvo4X/rCr5WTG4abr4Bos/9h7NyBvHqK4q5Ok4iY=
github.com/maloquacious/hmz2bio v0.3.0 h1:l2h0KqaHoClftlXbcpPWT9GKa1qXZHlyPJWpqGrracI=
github.com/maloquacious/hmz2bio v0.3.0/go.mod h1:Nayre8jntBRtw/CQIFwmqnOBAheuB1WMSZTgqqmaVv0=
github.com/maloquacious/hmz2ele v0.4.0 h1:2Wljw+0IypNjUdUj6hXk3q0/b2TtEXfe/eLO+fWeqvg=
github.com/maloquacious/hmz2ele v0.4.0/go.mod h1:KqLRS1bxEC32a2nyTpOXT/wWOFoCWhjgcurUK0qn+Mw=
github.com/maloquacious/hmz2map v0.2.0 h1:u4nQrm1YEujjH8L6jf3+K3stbkJ+JNicYphpA8L9PoQ=
github.com/maloquacious/hmz2map v0.2.0/go.mod h1:lQI3qO/Vhqpb/FlsOGR/b3Rm0RgTlVEVWuwK/vEqRWg=
github.com/maloquacious/hmz2riv v0.3.0 h1:gl8Yjv+9fELLVNPeeVjembyDK6yfQomryhUCno2ci68=
github.com/maloquacious/hmz2riv v0.3.0/go.mod h1:NMD0Z5uwA5PCu3yni92jwT6rt9QePXh+9WnCGU+gRuM=
github.com/maloquacious/hmz2ter v0.2.0 h1:Zk+aodnF4hv3I6ypLdA5Pn4KVKSu/vDkQAP9n/3p0+Y=
github.com/maloquacious/hmz2ter v0.2.0/go.mod h1:Tp6gDIsbQwYJz7iyGNbkc/cDxQEwV9ZJw/W8cJthvew=
github.com/maloquacious/semver v0.4.1 h1:qwMBcA9VfkD1KsPIMcX7KW9/rnBpBQBbTTcZhlgOIgc=
github.com/maloquacious/semver v0.4.1/go.mod h1:0VQ90ipG1SLXCDcQo1bgYTBIpvXsEiNOnEF5Bs/HRYY=
